
Microsoft Visual Studio Solution File, Format Version 12.00
# Visual Studio Version 16
VisualStudioVersion = 16.0.29519.87
MinimumVisualStudioVersion = 10.0.40219.1
Project("{FAE04EC0-301F-11D3-BF4B-00C04F79EFBC}") = "InterviewQuestions", "InterviewQuestions\InterviewQuestions.csproj", "{0809AB92-7695-4EBE-9886-08CCE670145B}"
EndProject
Global
	GlobalSection(SolutionConfigurationPlatforms) = preSolution
		Debug|Any CPU = Debug|Any CPU
		Release|Any CPU = Release|Any CPU
	EndGlobalSection
	GlobalSection(ProjectConfigurationPlatforms) = postSolution
		{0809AB92-7695-4EBE-9886-08CCE670145B}.Debug|Any CPU.ActiveCfg = Debug|Any CPU
		{0809AB92-7695-4EBE-9886-08CCE670145B}.Debug|Any CPU.Build.0 = Debug|Any CPU
		{0809AB92-7695-4EBE-9886-08CCE670145B}.Release|Any CPU.ActiveCfg = Release|Any CPU
		{0809AB92-7695-4EBE-9886-08CCE670145B}.Release|Any CPU.Build.0 = Release|Any CPU
	EndGlobalSection
	GlobalSection(SolutionProperties) = preSolution
		HideSolutionNode = FALSE
	EndGlobalSection
	GlobalSection(ExtensibilityGlobals) = postSolution
		SolutionGuid = {DB44ABBE-556A-46BE-BFBB-0357FE42060C}
	EndGlobalSection
EndGlobal
